// !$*UTF8*$!
{
	archiveVersion = 1;
	classes = {
	};
	objectVersion = 55;
	objects = {

/* Begin PBXBuildFile section */
		E7587D64286E44EB0023EBC5 /* LearningApp.swift in Sources */ = {isa = PBXBuildFile; fileRef = E7587D63286E44EB0023EBC5 /* LearningApp.swift */; };
		E7587D66286E44EB0023EBC5 /* HomeView.swift in Sources */ = {isa = PBXBuildFile; fileRef = E7587D65286E44EB0023EBC5 /* HomeView.swift */; };
		E7587D68286E44ED0023EBC5 /* Assets.xcassets in Resources */ = {isa = PBXBuildFile; fileRef = E7587D67286E44ED0023EBC5 /* Assets.xcassets */; };
		E7587D6B286E44ED0023EBC5 /* Preview Assets.xcassets in Resources */ = {isa = PBXBuildFile; fileRef = E7587D6A286E44ED0023EBC5 /* Preview Assets.xcassets */; };
		E7587D77286E457E0023EBC5 /* ContentModel.swift in Sources */ = {isa = PBXBuildFile; fileRef = E7587D76286E457E0023EBC5 /* ContentModel.swift */; };
		E7B736B828705AB200E67394 /* ContentDetailView.swift in Sources */ = {isa = PBXBuildFile; fileRef = E7B736B728705AB200E67394 /* ContentDetailView.swift */; };
		E7B736BB28705DEC00E67394 /* AVKit.framework in Frameworks */ = {isa = PBXBuildFile; fileRef = E7B736BA28705DEC00E67394 /* AVKit.framework */; };
		E7B736BD28705EF700E67394 /* Constants.swift in Sources */ = {isa = PBXBuildFile; fileRef = E7B736BC28705EF700E67394 /* Constants.swift */; };
		E7EF4A63286F4157008F900C /* ContentView.swift in Sources */ = {isa = PBXBuildFile; fileRef = E7EF4A62286F4157008F900C /* ContentView.swift */; };
		E7EF4A65286F472F008F900C /* ContentViewRow.swift in Sources */ = {isa = PBXBuildFile; fileRef = E7EF4A64286F472F008F900C /* ContentViewRow.swift */; };
		E7FAAC0C286E47CF0014B542 /* data.json in Resources */ = {isa = PBXBuildFile; fileRef = E7FAAC0A286E47CF0014B542 /* data.json */; };
		E7FAAC0D286E47CF0014B542 /* style.html in Resources */ = {isa = PBXBuildFile; fileRef = E7FAAC0B286E47CF0014B542 /* style.html */; };
		E7FAAC0F286E491B0014B542 /* Content.swift in Sources */ = {isa = PBXBuildFile; fileRef = E7FAAC0E286E491B0014B542 /* Content.swift */; };
		E7FAAC11286E49390014B542 /* Lesson.swift in Sources */ = {isa = PBXBuildFile; fileRef = E7FAAC10286E49390014B542 /* Lesson.swift */; };
		E7FAAC13286E4A060014B542 /* Test.swift in Sources */ = {isa = PBXBuildFile; fileRef = E7FAAC12286E4A060014B542 /* Test.swift */; };
		E7FAAC15286E4A130014B542 /* Questions.swift in Sources */ = {isa = PBXBuildFile; fileRef = E7FAAC14286E4A130014B542 /* Questions.swift */; };
		E7FAAC17286E4AC80014B542 /* Module.swift in Sources */ = {isa = PBXBuildFile; fileRef = E7FAAC16286E4AC80014B542 /* Module.swift */; };
		E7FAAC19286EE8C60014B542 /* HomeViewRow.swift in Sources */ = {isa = PBXBuildFile; fileRef = E7FAAC18286EE8C60014B542 /* HomeViewRow.swift */; };
/* End PBXBuildFile section */

/* Begin PBXFileReference section */
		E7587D60286E44EB0023EBC5 /* LearningApp.app */ = {isa = PBXFileReference; explicitFileType = wrapper.application; includeInIndex = 0; path = LearningApp.app; sourceTree = BUILT_PRODUCTS_DIR; };
		E7587D63286E44EB0023EBC5 /* LearningApp.swift */ = {isa = PBXFileReference; lastKnownFileType = sourcecode.swift; path = LearningApp.swift; sourceTree = "<group>"; };
		E7587D65286E44EB0023EBC5 /* HomeView.swift */ = {isa = PBXFileReference; lastKnownFileType = sourcecode.swift; path = HomeView.swift; sourceTree = "<group>"; };
		E7587D67286E44ED0023EBC5 /* Assets.xcassets */ = {isa = PBXFileReference; lastKnownFileType = folder.assetcatalog; path = Assets.xcassets; sourceTree = "<group>"; };
		E7587D6A286E44ED0023EBC5 /* Preview Assets.xcassets */ = {isa = PBXFileReference; lastKnownFileType = folder.assetcatalog; path = "Preview Assets.xcassets"; sourceTree = "<group>"; };
		E7587D76286E457E0023EBC5 /* ContentModel.swift */ = {isa = PBXFileReference; lastKnownFileType = sourcecode.swift; path = ContentModel.swift; sourceTree = "<group>"; };
		E7B736B728705AB200E67394 /* ContentDetailView.swift */ = {isa = PBXFileReference; lastKnownFileType = sourcecode.swift; path = ContentDetailView.swift; sourceTree = "<group>"; };
		E7B736BA28705DEC00E67394 /* AVKit.framework */ = {isa = PBXFileReference; lastKnownFileType = wrapper.framework; name = AVKit.framework; path = System/Library/Frameworks/AVKit.framework; sourceTree = SDKROOT; };
		E7B736BC28705EF700E67394 /* Constants.swift */ = {isa = PBXFileReference; lastKnownFileType = sourcecode.swift; path = Constants.swift; sourceTree = "<group>"; };
		E7EF4A62286F4157008F900C /* ContentView.swift */ = {isa = PBXFileReference; lastKnownFileType = sourcecode.swift; path = ContentView.swift; sourceTree = "<group>"; };
		E7EF4A64286F472F008F900C /* ContentViewRow.swift */ = {isa = PBXFileReference; lastKnownFileType = sourcecode.swift; path = ContentViewRow.swift; sourceTree = "<group>"; };
		E7FAAC0A286E47CF0014B542 /* data.json */ = {isa = PBXFileReference; fileEncoding = 4; lastKnownFileType = text.json; path = data.json; sourceTree = "<group>"; };
		E7FAAC0B286E47CF0014B542 /* style.html */ = {isa = PBXFileReference; fileEncoding = 4; lastKnownFileType = text.html; path = style.html; sourceTree = "<group>"; };
		E7FAAC0E286E491B0014B542 /* Content.swift */ = {isa = PBXFileReference; lastKnownFileType = sourcecode.swift; path = Content.swift; sourceTree = "<group>"; };
		E7FAAC10286E49390014B542 /* Lesson.swift */ = {isa = PBXFileReference; lastKnownFileType = sourcecode.swift; path = Lesson.swift; sourceTree = "<group>"; };
		E7FAAC12286E4A060014B542 /* Test.swift */ = {isa = PBXFileReference; lastKnownFileType = sourcecode.swift; path = Test.swift; sourceTree = "<group>"; };
		E7FAAC14286E4A130014B542 /* Questions.swift */ = {isa = PBXFileReference; lastKnownFileType = sourcecode.swift; path = Questions.swift; sourceTree = "<group>"; };
		E7FAAC16286E4AC80014B542 /* Module.swift */ = {isa = PBXFileReference; lastKnownFileType = sourcecode.swift; path = Module.swift; sourceTree = "<group>"; };
		E7FAAC18286EE8C60014B542 /* HomeViewRow.swift */ = {isa = PBXFileReference; lastKnownFileType = sourcecode.swift; path = HomeViewRow.swift; sourceTree = "<group>"; };
/* End PBXFileReference section */

/* Begin PBXFrameworksBuildPhase section */
		E7587D5D286E44EB0023EBC5 /* Frameworks */ = {
			isa = PBXFrameworksBuildPhase;
			buildActionMask = 2147483647;
			files = (
				E7B736BB28705DEC00E67394 /* AVKit.framework in Frameworks */,
			);
			runOnlyForDeploymentPostprocessing = 0;
		};
/* End PBXFrameworksBuildPhase section */

/* Begin PBXGroup section */
		E7587D57286E44EB0023EBC5 = {
			isa = PBXGroup;
			children = (
				E7587D62286E44EB0023EBC5 /* LearningApp */,
				E7587D61286E44EB0023EBC5 /* Products */,
				E7B736B928705DEC00E67394 /* Frameworks */,
			);
			sourceTree = "<group>";
		};
		E7587D61286E44EB0023EBC5 /* Products */ = {
			isa = PBXGroup;
			children = (
				E7587D60286E44EB0023EBC5 /* LearningApp.app */,
			);
			name = Products;
			sourceTree = "<group>";
		};
		E7587D62286E44EB0023EBC5 /* LearningApp */ = {
			isa = PBXGroup;
			children = (
				E7587D63286E44EB0023EBC5 /* LearningApp.swift */,
				E7587D73286E454A0023EBC5 /* Models */,
				E7587D72286E45440023EBC5 /* ViewModels */,
				E7587D71286E453F0023EBC5 /* Views */,
				E7587D74286E454E0023EBC5 /* Resources */,
				E7587D75286E45540023EBC5 /* Utilities */,
				E7587D67286E44ED0023EBC5 /* Assets.xcassets */,
				E7587D69286E44ED0023EBC5 /* Preview Content */,
			);
			path = LearningApp;
			sourceTree = "<group>";
		};
		E7587D69286E44ED0023EBC5 /* Preview Content */ = {
			isa = PBXGroup;
			children = (
				E7587D6A286E44ED0023EBC5 /* Preview Assets.xcassets */,
			);
			path = "Preview Content";
			sourceTree = "<group>";
		};
		E7587D71286E453F0023EBC5 /* Views */ = {
			isa = PBXGroup;
			children = (
				E7587D65286E44EB0023EBC5 /* HomeView.swift */,
				E7FAAC18286EE8C60014B542 /* HomeViewRow.swift */,
				E7EF4A62286F4157008F900C /* ContentView.swift */,
				E7EF4A64286F472F008F900C /* ContentViewRow.swift */,
				E7B736B728705AB200E67394 /* ContentDetailView.swift */,
			);
			path = Views;
			sourceTree = "<group>";
		};
		E7587D72286E45440023EBC5 /* ViewModels */ = {
			isa = PBXGroup;
			children = (
				E7587D76286E457E0023EBC5 /* ContentModel.swift */,
			);
			path = ViewModels;
			sourceTree = "<group>";
		};
		E7587D73286E454A0023EBC5 /* Models */ = {
			isa = PBXGroup;
			children = (
				E7FAAC16286E4AC80014B542 /* Module.swift */,
				E7FAAC0E286E491B0014B542 /* Content.swift */,
				E7FAAC10286E49390014B542 /* Lesson.swift */,
				E7FAAC12286E4A060014B542 /* Test.swift */,
				E7FAAC14286E4A130014B542 /* Questions.swift */,
			);
			path = Models;
			sourceTree = "<group>";
		};
		E7587D74286E454E0023EBC5 /* Resources */ = {
			isa = PBXGroup;
			children = (
				E7FAAC0A286E47CF0014B542 /* data.json */,
				E7FAAC0B286E47CF0014B542 /* style.html */,
				E7B736BC28705EF700E67394 /* Constants.swift */,
			);
			path = Resources;
			sourceTree = "<group>";
		};
		E7587D75286E45540023EBC5 /* Utilities */ = {
			isa = PBXGroup;
			children = (
			);
			path = Utilities;
			sourceTree = "<group>";
		};
		E7B736B928705DEC00E67394 /* Frameworks */ = {
			isa = PBXGroup;
			children = (
				E7B736BA28705DEC00E67394 /* AVKit.framework */,
			);
			name = Frameworks;
			sourceTree = "<group>";
		};
/* End PBXGroup section */

/* Begin PBXNativeTarget section */
		E7587D5F286E44EB0023EBC5 /* LearningApp */ = {
			isa = PBXNativeTarget;
			buildConfigurationList = E7587D6E286E44ED0023EBC5 /* Build configuration list for PBXNativeTarget "LearningApp" */;
			buildPhases = (
				E7587D5C286E44EB0023EBC5 /* Sources */,
				E7587D5D286E44EB0023EBC5 /* Frameworks */,
				E7587D5E286E44EB0023EBC5 /* Resources */,
			);
			buildRules = (
			);
			dependencies = (
			);
			name = LearningApp;
			productName = LearningApp;
			productReference = E7587D60286E44EB0023EBC5 /* LearningApp.app */;
			productType = "com.apple.product-type.application";
		};
/* End PBXNativeTarget section */

/* Begin PBXProject section */
		E7587D58286E44EB0023EBC5 /* Project object */ = {
			isa = PBXProject;
			attributes = {
				BuildIndependentTargetsInParallel = 1;
				LastSwiftUpdateCheck = 1340;
				LastUpgradeCheck = 1340;
				TargetAttributes = {
					E7587D5F286E44EB0023EBC5 = {
						CreatedOnToolsVersion = 13.4.1;
					};
				};
			};
			buildConfigurationList = E7587D5B286E44EB0023EBC5 /* Build configuration list for PBXProject "LearningApp" */;
			compatibilityVersion = "Xcode 13.0";
			developmentRegion = en;
			hasScannedForEncodings = 0;
			knownRegions = (
				en,
				Base,
			);
			mainGroup = E7587D57286E44EB0023EBC5;
			productRefGroup = E7587D61286E44EB0023EBC5 /* Products */;
			projectDirPath = "";
			projectRoot = "";
			targets = (
				E7587D5F286E44EB0023EBC5 /* LearningApp */,
			);
		};
/* End PBXProject section */

/* Begin PBXResourcesBuildPhase section */
		E7587D5E286E44EB0023EBC5 /* Resources */ = {
			isa = PBXResourcesBuildPhase;
			buildActionMask = 2147483647;
			files = (
				E7587D6B286E44ED0023EBC5 /* Preview Assets.xcassets in Resources */,
				E7FAAC0C286E47CF0014B542 /* data.json in Resources */,
				E7FAAC0D286E47CF0014B542 /* style.html in Resources */,
				E7587D68286E44ED0023EBC5 /* Assets.xcassets in Resources */,
			);
			runOnlyForDeploymentPostprocessing = 0;
		};
/* End PBXResourcesBuildPhase section */

/* Begin PBXSourcesBuildPhase section */
		E7587D5C286E44EB0023EBC5 /* Sources */ = {
			isa = PBXSourcesBuildPhase;
			buildActionMask = 2147483647;
			files = (
				E7EF4A65286F472F008F900C /* ContentViewRow.swift in Sources */,
				E7FAAC11286E49390014B542 /* Lesson.swift in Sources */,
				E7FAAC19286EE8C60014B542 /* HomeViewRow.swift in Sources */,
				E7FAAC13286E4A060014B542 /* Test.swift in Sources */,
				E7587D66286E44EB0023EBC5 /* HomeView.swift in Sources */,
				E7FAAC15286E4A130014B542 /* Questions.swift in Sources */,
				E7EF4A63286F4157008F900C /* ContentView.swift in Sources */,
				E7B736BD28705EF700E67394 /* Constants.swift in Sources */,
				E7587D64286E44EB0023EBC5 /* LearningApp.swift in Sources */,
				E7FAAC17286E4AC80014B542 /* Module.swift in Sources */,
				E7587D77286E457E0023EBC5 /* ContentModel.swift in Sources */,
				E7B736B828705AB200E67394 /* ContentDetailView.swift in Sources */,
				E7FAAC0F286E491B0014B542 /* Content.swift in Sources */,
			);
			runOnlyForDeploymentPostprocessing = 0;
		};
/* End PBXSourcesBuildPhase section */

/* Begin XCBuildConfiguration section */
		E7587D6C286E44ED0023EBC5 /* Debug */ = {
			isa = XCBuildConfiguration;
			buildSettings = {
				ALWAYS_SEARCH_USER_PATHS = NO;
				CLANG_ANALYZER_NONNULL = YES;
				CLANG_ANALYZER_NUMBER_OBJECT_CONVERSION = YES_AGGRESSIVE;
				CLANG_CXX_LANGUAGE_STANDARD = "gnu++17";
				CLANG_ENABLE_MODULES = YES;
				CLANG_ENABLE_OBJC_ARC = YES;
				CLANG_ENABLE_OBJC_WEAK = YES;
				CLANG_WARN_BLOCK_CAPTURE_AUTORELEASING = YES;
				CLANG_WARN_BOOL_CONVERSION = YES;
				CLANG_WARN_COMMA = YES;
				CLANG_WARN_CONSTANT_CONVERSION = YES;
				CLANG_WARN_DEPRECATED_OBJC_IMPLEMENTATIONS = YES;
				CLANG_WARN_DIRECT_OBJC_ISA_USAGE = YES_ERROR;
				CLANG_WARN_DOCUMENTATION_COMMENTS = YES;
				CLANG_WARN_EMPTY_BODY = YES;
				CLANG_WARN_ENUM_CONVERSION = YES;
				CLANG_WARN_INFINITE_RECURSION = YES;
				CLANG_WARN_INT_CONVERSION = YES;
				CLANG_WARN_NON_LITERAL_NULL_CONVERSION = YES;
				CLANG_WARN_OBJC_IMPLICIT_RETAIN_SELF = YES;
				CLANG_WARN_OBJC_LITERAL_CONVERSION = YES;
				CLANG_WARN_OBJC_ROOT_CLASS = YES_ERROR;
				CLANG_WARN_QUOTED_INCLUDE_IN_FRAMEWORK_HEADER = YES;
				CLANG_WARN_RANGE_LOOP_ANALYSIS = YES;
				CLANG_WARN_STRICT_PROTOTYPES = YES;
				CLANG_WARN_SUSPICIOUS_MOVE = YES;
				CLANG_WARN_UNGUARDED_AVAILABILITY = YES_AGGRESSIVE;
				CLANG_WARN_UNREACHABLE_CODE = YES;
				CLANG_WARN__DUPLICATE_METHOD_MATCH = YES;
				COPY_PHASE_STRIP = NO;
				DEBUG_INFORMATION_FORMAT = dwarf;
				ENABLE_STRICT_OBJC_MSGSEND = YES;
				ENABLE_TESTABILITY = YES;
				GCC_C_LANGUAGE_STANDARD = gnu11;
				GCC_DYNAMIC_NO_PIC = NO;
				GCC_NO_COMMON_BLOCKS = YES;
				GCC_OPTIMIZATION_LEVEL = 0;
				GCC_PREPROCESSOR_DEFINITIONS = (
					"DEBUG=1",
					"$(inherited)",
				);
				GCC_WARN_64_TO_32_BIT_CONVERSION = YES;
				GCC_WARN_ABOUT_RETURN_TYPE = YES_ERROR;
				GCC_WARN_UNDECLARED_SELECTOR = YES;
				GCC_WARN_UNINITIALIZED_AUTOS = YES_AGGRESSIVE;
				GCC_WARN_UNUSED_FUNCTION = YES;
				GCC_WARN_UNUSED_VARIABLE = YES;
				IPHONEOS_DEPLOYMENT_TARGET = 15.5;
				MTL_ENABLE_DEBUG_INFO = INCLUDE_SOURCE;
				MTL_FAST_MATH = YES;
				ONLY_ACTIVE_ARCH = YES;
				SDKROOT = iphoneos;
				SWIFT_ACTIVE_COMPILATION_CONDITIONS = DEBUG;
				SWIFT_OPTIMIZATION_LEVEL = "-Onone";
			};
			name = Debug;
		};
		E7587D6D286E44ED0023EBC5 /* Release */ = {
			isa = XCBuildConfiguration;
			buildSettings = {
				ALWAYS_SEARCH_USER_PATHS = NO;
				CLANG_ANALYZER_NONNULL = YES;
				CLANG_ANALYZER_NUMBER_OBJECT_CONVERSION = YES_AGGRESSIVE;
				CLANG_CXX_LANGUAGE_STANDARD = "gnu++17";
				CLANG_ENABLE_MODULES = YES;
				CLANG_ENABLE_OBJC_ARC = YES;
				CLANG_ENABLE_OBJC_WEAK = YES;
				CLANG_WARN_BLOCK_CAPTURE_AUTORELEASING = YES;
				CLANG_WARN_BOOL_CONVERSION = YES;
				CLANG_WARN_COMMA = YES;
				CLANG_WARN_CONSTANT_CONVERSION = YES;
				CLANG_WARN_DEPRECATED_OBJC_IMPLEMENTATIONS = YES;
				CLANG_WARN_DIRECT_OBJC_ISA_USAGE = YES_ERROR;
				CLANG_WARN_DOCUMENTATION_COMMENTS = YES;
				CLANG_WARN_EMPTY_BODY = YES;
				CLANG_WARN_ENUM_CONVERSION = YES;
				CLANG_WARN_INFINITE_RECURSION = YES;
				CLANG_WARN_INT_CONVERSION = YES;
				CLANG_WARN_NON_LITERAL_NULL_CONVERSION = YES;
				CLANG_WARN_OBJC_IMPLICIT_RETAIN_SELF = YES;
				CLANG_WARN_OBJC_LITERAL_CONVERSION = YES;
				CLANG_WARN_OBJC_ROOT_CLASS = YES_ERROR;
				CLANG_WARN_QUOTED_INCLUDE_IN_FRAMEWORK_HEADER = YES;
				CLANG_WARN_RANGE_LOOP_ANALYSIS = YES;
				CLANG_WARN_STRICT_PROTOTYPES = YES;
				CLANG_WARN_SUSPICIOUS_MOVE = YES;
				CLANG_WARN_UNGUARDED_AVAILABILITY = YES_AGGRESSIVE;
				CLANG_WARN_UNREACHABLE_CODE = YES;
				CLANG_WARN__DUPLICATE_METHOD_MATCH = YES;
				COPY_PHASE_STRIP = NO;
				DEBUG_INFORMATION_FORMAT = "dwarf-with-dsym";
				ENABLE_NS_ASSERTIONS = NO;
				ENABLE_STRICT_OBJC_MSGSEND = YES;
				GCC_C_LANGUAGE_STANDARD = gnu11;
				GCC_NO_COMMON_BLOCKS = YES;
				GCC_WARN_64_TO_32_BIT_CONVERSION = YES;
				GCC_WARN_ABOUT_RETURN_TYPE = YES_ERROR;
				GCC_WARN_UNDECLARED_SELECTOR = YES;
				GCC_WARN_UNINITIALIZED_AUTOS = YES_AGGRESSIVE;
				GCC_WARN_UNUSED_FUNCTION = YES;
				GCC_WARN_UNUSED_VARIABLE = YES;
				IPHONEOS_DEPLOYMENT_TARGET = 15.5;
				MTL_ENABLE_DEBUG_INFO = NO;
				MTL_FAST_MATH = YES;
				SDKROOT = iphoneos;
				SWIFT_COMPILATION_MODE = wholemodule;
				SWIFT_OPTIMIZATION_LEVEL = "-O";
				VALIDATE_PRODUCT = YES;
			};
			name = Release;
		};
		E7587D6F286E44ED0023EBC5 /* Debug */ = {
			isa = XCBuildConfiguration;
			buildSettings = {
				ASSETCATALOG_COMPILER_APPICON_NAME = AppIcon;
				ASSETCATALOG_COMPILER_GLOBAL_ACCENT_COLOR_NAME = AccentColor;
				CODE_SIGN_STYLE = Automatic;
				CURRENT_PROJECT_VERSION = 1;
				DEVELOPMENT_ASSET_PATHS = "\"LearningApp/Preview Content\"";
				DEVELOPMENT_TEAM = 2L329QJH6Y;
				ENABLE_PREVIEWS = YES;
				GENERATE_INFOPLIST_FILE = YES;
				INFOPLIST_KEY_UIApplicationSceneManifest_Generation = YES;
				INFOPLIST_KEY_UIApplicationSupportsIndirectInputEvents = YES;
				INFOPLIST_KEY_UILaunchScreen_Generation = YES;
				INFOPLIST_KEY_UISupportedInterfaceOrientations_iPad = "UIInterfaceOrientationPortrait UIInterfaceOrientationPortraitUpsideDown UIInterfaceOrientationLandscapeLeft UIInterfaceOrientationLandscapeRight";
				INFOPLIST_KEY_UISupportedInterfaceOrientations_iPhone = "UIInterfaceOrientationPortrait UIInterfaceOrientationLandscapeLeft UIInterfaceOrientationLandscapeRight";
				LD_RUNPATH_SEARCH_PATHS = (
					"$(inherited)",
					"@executable_path/Frameworks",
				);
				MARKETING_VERSION = 1.0;
				PRODUCT_BUNDLE_IDENTIFIER = com.swiftuiSlots.LearningApp;
				PRODUCT_NAME = "$(TARGET_NAME)";
				SWIFT_EMIT_LOC_STRINGS = YES;
				SWIFT_VERSION = 5.0;
				TARGETED_DEVICE_FAMILY = "1,2";
			};
			name = Debug;
		};
		E7587D70286E44ED0023EBC5 /* Release */ = {
			isa = XCBuildConfiguration;
			buildSettings = {
				ASSETCATALOG_COMPILER_APPICON_NAME = AppIcon;
				ASSETCATALOG_COMPILER_GLOBAL_ACCENT_COLOR_NAME = AccentColor;
				CODE_SIGN_STYLE = Automatic;
				CURRENT_PROJECT_VERSION = 1;
				DEVELOPMENT_ASSET_PATHS = "\"LearningApp/Preview Content\"";
				DEVELOPMENT_TEAM = 2L329QJH6Y;
				ENABLE_PREVIEWS = YES;
				GENERATE_INFOPLIST_FILE = YES;
				INFOPLIST_KEY_UIApplicationSceneManifest_Generation = YES;
				INFOPLIST_KEY_UIApplicationSupportsIndirectInputEvents = YES;
				INFOPLIST_KEY_UILaunchScreen_Generation = YES;
				INFOPLIST_KEY_UISupportedInterfaceOrientations_iPad = "UIInterfaceOrientationPortrait UIInterfaceOrientationPortraitUpsideDown UIInterfaceOrientationLandscapeLeft UIInterfaceOrientationLandscapeRight";
				INFOPLIST_KEY_UISupportedInterfaceOrientations_iPhone = "UIInterfaceOrientationPortrait UIInterfaceOrientationLandscapeLeft UIInterfaceOrientationLandscapeRight";
				LD_RUNPATH_SEARCH_PATHS = (
					"$(inherited)",
					"@executable_path/Frameworks",
				);
				MARKETING_VERSION = 1.0;
				PRODUCT_BUNDLE_IDENTIFIER = com.swiftuiSlots.LearningApp;
				PRODUCT_NAME = "$(TARGET_NAME)";
				SWIFT_EMIT_LOC_STRINGS = YES;
				SWIFT_VERSION = 5.0;
				TARGETED_DEVICE_FAMILY = "1,2";
			};
			name = Release;
		};
/* End XCBuildConfiguration section */

/* Begin XCConfigurationList section */
		E7587D5B286E44EB0023EBC5 /* Build configuration list for PBXProject "LearningApp" */ = {
			isa = XCConfigurationList;
			buildConfigurations = (
				E7587D6C286E44ED0023EBC5 /* Debug */,
				E7587D6D286E44ED0023EBC5 /* Release */,
			);
			defaultConfigurationIsVisible = 0;
			defaultConfigurationName = Release;
		};
		E7587D6E286E44ED0023EBC5 /* Build configuration list for PBXNativeTarget "LearningApp" */ = {
			isa = XCConfigurationList;
			buildConfigurations = (
				E7587D6F286E44ED0023EBC5 /* Debug */,
				E7587D70286E44ED0023EBC5 /* Release */,
			);
			defaultConfigurationIsVisible = 0;
			defaultConfigurationName = Release;
		};
/* End XCConfigurationList section */
	};
	rootObject = E7587D58286E44EB0023EBC5 /* Project object */;
}
